
Microsoft Visual Studio Solution File, Format Version 12.00
# Visual Studio 14
VisualStudioVersion = 14.0.25420.1
MinimumVisualStudioVersion = 10.0.40219.1
Project("{FAE04EC0-301F-11D3-BF4B-00C04F79EFBC}") = "App1", "App1\App1\App1.csproj", "{0D3316F2-023D-42B9-BC4F-237F5D5C821F}"
EndProject
Project("{FAE04EC0-301F-11D3-BF4B-00C04F79EFBC}") = "App1.Droid", "App1\App1.Droid\App1.Droid.csproj", "{2359C60E-5601-4E99-99A8-1010F59E297A}"
EndProject
Project("{FAE04EC0-301F-11D3-BF4B-00C04F79EFBC}") = "App1.iOS", "App1\App1.iOS\App1.iOS.csproj", "{CA558F64-EC79-4096-AC48-B7E612A7A2B3}"
EndProject
Global
	GlobalSection(SolutionConfigurationPlatforms) = preSolution
		Ad-Hoc|Any CPU = Ad-Hoc|Any CPU
		Ad-Hoc|iPhone = Ad-Hoc|iPhone
		Ad-Hoc|iPhoneSimulator = Ad-Hoc|iPhoneSimulator
		Ad-Hoc|x86 = Ad-Hoc|x86
		AppStore|Any CPU = AppStore|Any CPU
		AppStore|iPhone = AppStore|iPhone
		AppStore|iPhoneSimulator = AppStore|iPhoneSimulator
		AppStore|x86 = AppStore|x86
		Debug|Any CPU = Debug|Any CPU
		Debug|iPhone = Debug|iPhone
		Debug|iPhoneSimulator = Debug|iPhoneSimulator
		Debug|x86 = Debug|x86
		Release|Any CPU = Release|Any CPU
		Release|iPhone = Release|iPhone
		Release|iPhoneSimulator = Release|iPhoneSimulator
		Release|x86 = Release|x86
	EndGlobalSection
	GlobalSection(ProjectConfigurationPlatforms) = postSolution
		{0D3316F2-023D-42B9-BC4F-237F5D5C821F}.Ad-Hoc|Any CPU.ActiveCfg = Release|Any CPU
		{0D3316F2-023D-42B9-BC4F-237F5D5C821F}.Ad-Hoc|Any CPU.Build.0 = Release|Any CPU
		{0D3316F2-023D-42B9-BC4F-237F5D5C821F}.Ad-Hoc|iPhone.ActiveCfg = Release|Any CPU
		{0D3316F2-023D-42B9-BC4F-237F5D5C821F}.Ad-Hoc|iPhone.Build.0 = Release|Any CPU
		{0D3316F2-023D-42B9-BC4F-237F5D5C821F}.Ad-Hoc|iPhoneSimulator.ActiveCfg = Release|Any CPU
		{0D3316F2-023D-42B9-BC4F-237F5D5C821F}.Ad-Hoc|iPhoneSimulator.Build.0 = Release|Any CPU
		{0D3316F2-023D-42B9-BC4F-237F5D5C821F}.Ad-Hoc|x86.ActiveCfg = Release|x86
		{0D3316F2-023D-42B9-BC4F-237F5D5C821F}.Ad-Hoc|x86.Build.0 = Release|x86
		{0D3316F2-023D-42B9-BC4F-237F5D5C821F}.AppStore|Any CPU.ActiveCfg = Release|Any CPU
		{0D3316F2-023D-42B9-BC4F-237F5D5C821F}.AppStore|Any CPU.Build.0 = Release|Any CPU
		{0D3316F2-023D-42B9-BC4F-237F5D5C821F}.AppStore|iPhone.ActiveCfg = Release|Any CPU
		{0D3316F2-023D-42B9-BC4F-237F5D5C821F}.AppStore|iPhone.Build.0 = Release|Any CPU
		{0D3316F2-023D-42B9-BC4F-237F5D5C821F}.AppStore|iPhoneSimulator.ActiveCfg = Release|Any CPU
		{0D3316F2-023D-42B9-BC4F-237F5D5C821F}.AppStore|iPhoneSimulator.Build.0 = Release|Any CPU
		{0D3316F2-023D-42B9-BC4F-237F5D5C821F}.AppStore|x86.ActiveCfg = Release|x86
		{0D3316F2-023D-42B9-BC4F-237F5D5C821F}.AppStore|x86.Build.0 = Release|x86
		{0D3316F2-023D-42B9-BC4F-237F5D5C821F}.Debug|Any CPU.ActiveCfg = Debug|Any CPU
		{0D3316F2-023D-42B9-BC4F-237F5D5C821F}.Debug|Any CPU.Build.0 = Debug|Any CPU
		{0D3316F2-023D-42B9-BC4F-237F5D5C821F}.Debug|iPhone.ActiveCfg = Debug|Any CPU
		{0D3316F2-023D-42B9-BC4F-237F5D5C821F}.Debug|iPhone.Build.0 = Debug|Any CPU
		{0D3316F2-023D-42B9-BC4F-237F5D5C821F}.Debug|iPhoneSimulator.ActiveCfg = Debug|Any CPU
		{0D3316F2-023D-42B9-BC4F-237F5D5C821F}.Debug|iPhoneSimulator.Build.0 = Debug|Any CPU
		{0D3316F2-023D-42B9-BC4F-237F5D5C821F}.Debug|x86.ActiveCfg = Debug|x86
		{0D3316F2-023D-42B9-BC4F-237F5D5C821F}.Debug|x86.Build.0 = Debug|x86
		{0D3316F2-023D-42B9-BC4F-237F5D5C821F}.Release|Any CPU.ActiveCfg = Release|Any CPU
		{0D3316F2-023D-42B9-BC4F-237F5D5C821F}.Release|Any CPU.Build.0 = Release|Any CPU
		{0D3316F2-023D-42B9-BC4F-237F5D5C821F}.Release|iPhone.ActiveCfg = Release|Any CPU
		{0D3316F2-023D-42B9-BC4F-237F5D5C821F}.Release|iPhone.Build.0 = Release|Any CPU
		{0D3316F2-023D-42B9-BC4F-237F5D5C821F}.Release|iPhoneSimulator.ActiveCfg = Release|Any CPU
		{0D3316F2-023D-42B9-BC4F-237F5D5C821F}.Release|iPhoneSimulator.Build.0 = Release|Any CPU
		{0D3316F2-023D-42B9-BC4F-237F5D5C821F}.Release|x86.ActiveCfg = Release|x86
		{0D3316F2-023D-42B9-BC4F-237F5D5C821F}.Release|x86.Build.0 = Release|x86
		{2359C60E-5601-4E99-99A8-1010F59E297A}.Ad-Hoc|Any CPU.ActiveCfg = Release|Any CPU
		{2359C60E-5601-4E99-99A8-1010F59E297A}.Ad-Hoc|Any CPU.Build.0 = Release|Any CPU
		{2359C60E-5601-4E99-99A8-1010F59E297A}.Ad-Hoc|Any CPU.Deploy.0 = Release|Any CPU
		{2359C60E-5601-4E99-99A8-1010F59E297A}.Ad-Hoc|iPhone.ActiveCfg = Release|Any CPU
		{2359C60E-5601-4E99-99A8-1010F59E297A}.Ad-Hoc|iPhone.Build.0 = Release|Any CPU
		{2359C60E-5601-4E99-99A8-1010F59E297A}.Ad-Hoc|iPhone.Deploy.0 = Release|Any CPU
		{2359C60E-5601-4E99-99A8-1010F59E297A}.Ad-Hoc|iPhoneSimulator.ActiveCfg = Release|Any CPU
		{2359C60E-5601-4E99-99A8-1010F59E297A}.Ad-Hoc|iPhoneSimulator.Build.0 = Release|Any CPU
		{2359C60E-5601-4E99-99A8-1010F59E297A}.Ad-Hoc|iPhoneSimulator.Deploy.0 = Release|Any CPU
		{2359C60E-5601-4E99-99A8-1010F59E297A}.Ad-Hoc|x86.ActiveCfg = Release|x86
		{2359C60E-5601-4E99-99A8-1010F59E297A}.Ad-Hoc|x86.Build.0 = Release|x86
		{2359C60E-5601-4E99-99A8-1010F59E297A}.Ad-Hoc|x86.Deploy.0 = Release|x86
		{2359C60E-5601-4E99-99A8-1010F59E297A}.AppStore|Any CPU.ActiveCfg = Release|Any CPU
		{2359C60E-5601-4E99-99A8-1010F59E297A}.AppStore|Any CPU.Build.0 = Release|Any CPU
		{2359C60E-5601-4E99-99A8-1010F59E297A}.AppStore|Any CPU.Deploy.0 = Release|Any CPU
		{2359C60E-5601-4E99-99A8-1010F59E297A}.AppStore|iPhone.ActiveCfg = Release|Any CPU
		{2359C60E-5601-4E99-99A8-1010F59E297A}.AppStore|iPhone.Build.0 = Release|Any CPU
		{2359C60E-5601-4E99-99A8-1010F59E297A}.AppStore|iPhone.Deploy.0 = Release|Any CPU
		{2359C60E-5601-4E99-99A8-1010F59E297A}.AppStore|iPhoneSimulator.ActiveCfg = Release|Any CPU
		{2359C60E-5601-4E99-99A8-1010F59E297A}.AppStore|iPhoneSimulator.Build.0 = Release|Any CPU
		{2359C60E-5601-4E99-99A8-1010F59E297A}.AppStore|iPhoneSimulator.Deploy.0 = Release|Any CPU
		{2359C60E-5601-4E99-99A8-1010F59E297A}.AppStore|x86.ActiveCfg = Release|x86
		{2359C60E-5601-4E99-99A8-1010F59E297A}.AppStore|x86.Build.0 = Release|x86
		{2359C60E-5601-4E99-99A8-1010F59E297A}.AppStore|x86.Deploy.0 = Release|x86
		{2359C60E-5601-4E99-99A8-1010F59E297A}.Debug|Any CPU.ActiveCfg = Debug|Any CPU
		{2359C60E-5601-4E99-99A8-1010F59E297A}.Debug|Any CPU.Build.0 = Debug|Any CPU
		{2359C60E-5601-4E99-99A8-1010F59E297A}.Debug|Any CPU.Deploy.0 = Debug|Any CPU
		{2359C60E-5601-4E99-99A8-1010F59E297A}.Debug|iPhone.ActiveCfg = Debug|Any CPU
		{2359C60E-5601-4E99-99A8-1010F59E297A}.Debug|iPhone.Build.0 = Debug|Any CPU
		{2359C60E-5601-4E99-99A8-1010F59E297A}.Debug|iPhone.Deploy.0 = Debug|Any CPU
		{2359C60E-5601-4E99-99A8-1010F59E297A}.Debug|iPhoneSimulator.ActiveCfg = Debug|Any CPU
		{2359C60E-5601-4E99-99A8-1010F59E297A}.Debug|iPhoneSimulator.Build.0 = Debug|Any CPU
		{2359C60E-5601-4E99-99A8-1010F59E297A}.Debug|iPhoneSimulator.Deploy.0 = Debug|Any CPU
		{2359C60E-5601-4E99-99A8-1010F59E297A}.Debug|x86.ActiveCfg = Debug|x86
		{2359C60E-5601-4E99-99A8-1010F59E297A}.Debug|x86.Build.0 = Debug|x86
		{2359C60E-5601-4E99-99A8-1010F59E297A}.Debug|x86.Deploy.0 = Debug|x86
		{2359C60E-5601-4E99-99A8-1010F59E297A}.Release|Any CPU.ActiveCfg = Release|Any CPU
		{2359C60E-5601-4E99-99A8-1010F59E297A}.Release|Any CPU.Build.0 = Release|Any CPU
		{2359C60E-5601-4E99-99A8-1010F59E297A}.Release|Any CPU.Deploy.0 = Release|Any CPU
		{2359C60E-5601-4E99-99A8-1010F59E297A}.Release|iPhone.ActiveCfg = Release|Any CPU
		{2359C60E-5601-4E99-99A8-1010F59E297A}.Release|iPhone.Build.0 = Release|Any CPU
		{2359C60E-5601-4E99-99A8-1010F59E297A}.Release|iPhone.Deploy.0 = Release|Any CPU
		{2359C60E-5601-4E99-99A8-1010F59E297A}.Release|iPhoneSimulator.ActiveCfg = Release|Any CPU
		{2359C60E-5601-4E99-99A8-1010F59E297A}.Release|iPhoneSimulator.Build.0 = Release|Any CPU
		{2359C60E-5601-4E99-99A8-1010F59E297A}.Release|iPhoneSimulator.Deploy.0 = Release|Any CPU
		{2359C60E-5601-4E99-99A8-1010F59E297A}.Release|x86.ActiveCfg = Release|x86
		{2359C60E-5601-4E99-99A8-1010F59E297A}.Release|x86.Build.0 = Release|x86
		{2359C60E-5601-4E99-99A8-1010F59E297A}.Release|x86.Deploy.0 = Release|x86
		{CA558F64-EC79-4096-AC48-B7E612A7A2B3}.Ad-Hoc|Any CPU.ActiveCfg = Ad-Hoc|iPhone
		{CA558F64-EC79-4096-AC48-B7E612A7A2B3}.Ad-Hoc|iPhone.ActiveCfg = Ad-Hoc|iPhone
		{CA558F64-EC79-4096-AC48-B7E612A7A2B3}.Ad-Hoc|iPhone.Build.0 = Ad-Hoc|iPhone
		{CA558F64-EC79-4096-AC48-B7E612A7A2B3}.Ad-Hoc|iPhoneSimulator.ActiveCfg = Ad-Hoc|iPhoneSimulator
		{CA558F64-EC79-4096-AC48-B7E612A7A2B3}.Ad-Hoc|iPhoneSimulator.Build.0 = Ad-Hoc|iPhoneSimulator
		{CA558F64-EC79-4096-AC48-B7E612A7A2B3}.Ad-Hoc|x86.ActiveCfg = Ad-Hoc|x86
		{CA558F64-EC79-4096-AC48-B7E612A7A2B3}.AppStore|Any CPU.ActiveCfg = AppStore|iPhone
		{CA558F64-EC79-4096-AC48-B7E612A7A2B3}.AppStore|iPhone.ActiveCfg = AppStore|iPhone
		{CA558F64-EC79-4096-AC48-B7E612A7A2B3}.AppStore|iPhone.Build.0 = AppStore|iPhone
		{CA558F64-EC79-4096-AC48-B7E612A7A2B3}.AppStore|iPhoneSimulator.ActiveCfg = AppStore|iPhoneSimulator
		{CA558F64-EC79-4096-AC48-B7E612A7A2B3}.AppStore|iPhoneSimulator.Build.0 = AppStore|iPhoneSimulator
		{CA558F64-EC79-4096-AC48-B7E612A7A2B3}.AppStore|x86.ActiveCfg = AppStore|x86
		{CA558F64-EC79-4096-AC48-B7E612A7A2B3}.Debug|Any CPU.ActiveCfg = Debug|iPhone
		{CA558F64-EC79-4096-AC48-B7E612A7A2B3}.Debug|iPhone.ActiveCfg = Debug|iPhone
		{CA558F64-EC79-4096-AC48-B7E612A7A2B3}.Debug|iPhone.Build.0 = Debug|iPhone
		{CA558F64-EC79-4096-AC48-B7E612A7A2B3}.Debug|iPhoneSimulator.ActiveCfg = Debug|iPhoneSimulator
		{CA558F64-EC79-4096-AC48-B7E612A7A2B3}.Debug|iPhoneSimulator.Build.0 = Debug|iPhoneSimulator
		{CA558F64-EC79-4096-AC48-B7E612A7A2B3}.Debug|x86.ActiveCfg = Debug|x86
		{CA558F64-EC79-4096-AC48-B7E612A7A2B3}.Release|Any CPU.ActiveCfg = Release|iPhone
		{CA558F64-EC79-4096-AC48-B7E612A7A2B3}.Release|iPhone.ActiveCfg = Release|iPhone
		{CA558F64-EC79-4096-AC48-B7E612A7A2B3}.Release|iPhone.Build.0 = Release|iPhone
		{CA558F64-EC79-4096-AC48-B7E612A7A2B3}.Release|iPhoneSimulator.ActiveCfg = Release|iPhoneSimulator
		{CA558F64-EC79-4096-AC48-B7E612A7A2B3}.Release|iPhoneSimulator.Build.0 = Release|iPhoneSimulator
		{CA558F64-EC79-4096-AC48-B7E612A7A2B3}.Release|x86.ActiveCfg = Release|x86
	EndGlobalSection
	GlobalSection(SolutionProperties) = preSolution
		HideSolutionNode = FALSE
	EndGlobalSection
EndGlobal
